
Microsoft Visual Studio Solution File, Format Version 12.00
# Visual Studio Version 16
VisualStudioVersion = 16.0.31729.503
MinimumVisualStudioVersion = 10.0.40219.1
Project("{FAE04EC0-301F-11D3-BF4B-00C04F79EFBC}") = "MercurySlackAPI", "MercurySlackAPI\MercurySlackAPI.csproj", "{ADCA07EE-F0CA-48B1-BF49-0390C53DB168}"
EndProject
Global
	GlobalSection(SolutionConfigurationPlatforms) = preSolution
		Debug|Any CPU = Debug|Any CPU
		Release|Any CPU = Release|Any CPU
	EndGlobalSection
	GlobalSection(ProjectConfigurationPlatforms) = postSolution
		{ADCA07EE-F0CA-48B1-BF49-0390C53DB168}.Debug|Any CPU.ActiveCfg = Debug|Any CPU
		{ADCA07EE-F0CA-48B1-BF49-0390C53DB168}.Debug|Any CPU.Build.0 = Debug|Any CPU
		{ADCA07EE-F0CA-48B1-BF49-0390C53DB168}.Release|Any CPU.ActiveCfg = Release|Any CPU
		{ADCA07EE-F0CA-48B1-BF49-0390C53DB168}.Release|Any CPU.Build.0 = Release|Any CPU
	EndGlobalSection
	GlobalSection(SolutionProperties) = preSolution
		HideSolutionNode = FALSE
	EndGlobalSection
	GlobalSection(ExtensibilityGlobals) = postSolution
		SolutionGuid = {E74F7DE0-66D7-48EC-8366-6FD237825002}
	EndGlobalSection
EndGlobal
